
Microsoft Visual Studio Solution File, Format Version 12.00
# Visual Studio 14
VisualStudioVersion = 14.0.25420.1
MinimumVisualStudioVersion = 10.0.40219.1
Project("{FAE04EC0-301F-11D3-BF4B-00C04F79EFBC}") = "Task1.ClassChef", "Task1.ClassChef\Task1.ClassChef.csproj", "{B24DDA75-6851-4BAC-9BE7-988506382DF2}"
EndProject
Project("{FAE04EC0-301F-11D3-BF4B-00C04F79EFBC}") = "Task2.RefactorFollowingStatements", "Task 2.RefactorFollowingStatements\Task2.RefactorFollowingStatements.csproj", "{8A8D5C84-F445-4DF1-B31A-AD2C68658B07}"
EndProject
Global
	GlobalSection(SolutionConfigurationPlatforms) = preSolution
		Debug|Any CPU = Debug|Any CPU
		Release|Any CPU = Release|Any CPU
	EndGlobalSection
	GlobalSection(ProjectConfigurationPlatforms) = postSolution
		{B24DDA75-6851-4BAC-9BE7-988506382DF2}.Debug|Any CPU.ActiveCfg = Debug|Any CPU
		{B24DDA75-6851-4BAC-9BE7-988506382DF2}.Debug|Any CPU.Build.0 = Debug|Any CPU
		{B24DDA75-6851-4BAC-9BE7-988506382DF2}.Release|Any CPU.ActiveCfg = Release|Any CPU
		{B24DDA75-6851-4BAC-9BE7-988506382DF2}.Release|Any CPU.Build.0 = Release|Any CPU
		{8A8D5C84-F445-4DF1-B31A-AD2C68658B07}.Debug|Any CPU.ActiveCfg = Debug|Any CPU
		{8A8D5C84-F445-4DF1-B31A-AD2C68658B07}.Debug|Any CPU.Build.0 = Debug|Any CPU
		{8A8D5C84-F445-4DF1-B31A-AD2C68658B07}.Release|Any CPU.ActiveCfg = Release|Any CPU
		{8A8D5C84-F445-4DF1-B31A-AD2C68658B07}.Release|Any CPU.Build.0 = Release|Any CPU
	EndGlobalSection
	GlobalSection(SolutionProperties) = preSolution
		HideSolutionNode = FALSE
	EndGlobalSection
EndGlobal
